{
  "name": "model-context-tool-inspector",
  "version": "2.0.0",
  "lockfileVersion": 3,
  "requires": true,
  "packages": {
    "": {
      "name": "model-context-tool-inspector",
      "version": "2.0.0",
      "license": "Apache-2.0",
      "dependencies": {},
      "devDependencies": {}
    }
  }
}
